
Microsoft Visual Studio Solution File, Format Version 12.00
# Visual Studio Version 17
VisualStudioVersion = 17.14.36221.1 d17.14
MinimumVisualStudioVersion = 10.0.40219.1
Project("{FAE04EC0-301F-11D3-BF4B-00C04F79EFBC}") = "Random num", "Random num\Random num.csproj", "{229864ED-B166-4E82-BAD3-D6D0D7955595}"
EndProject
Global
	GlobalSection(SolutionConfigurationPlatforms) = preSolution
		Debug|Any CPU = Debug|Any CPU
		Release|Any CPU = Release|Any CPU
	EndGlobalSection
	GlobalSection(ProjectConfigurationPlatforms) = postSolution
		{229864ED-B166-4E82-BAD3-D6D0D7955595}.Debug|Any CPU.ActiveCfg = Debug|Any CPU
		{229864ED-B166-4E82-BAD3-D6D0D7955595}.Debug|Any CPU.Build.0 = Debug|Any CPU
		{229864ED-B166-4E82-BAD3-D6D0D7955595}.Release|Any CPU.ActiveCfg = Release|Any CPU
		{229864ED-B166-4E82-BAD3-D6D0D7955595}.Release|Any CPU.Build.0 = Release|Any CPU
	EndGlobalSection
	GlobalSection(SolutionProperties) = preSolution
		HideSolutionNode = FALSE
	EndGlobalSection
	GlobalSection(ExtensibilityGlobals) = postSolution
		SolutionGuid = {E84A3ADF-E0C5-4B68-837B-34DA6B935E55}
	EndGlobalSection
EndGlobal
